<?xml version="1.0" encoding="utf-8"?>
<Project ToolsVersion="4.0" xmlns="http://schemas.microsoft.com/developer/msbuild/2003">
  <ItemGroup>
    <Filter Include="MyGame">
      <UniqueIdentifier>{93995380-89BD-4b04-88EB-625FBE52EBFB}</UniqueIdentifier>
      <Extensions>h;hh;hpp;hxx;h++;hm;inl;inc;ipp;xsd</Extensions>
    </Filter>
    <Filter Include="scene">
      <UniqueIdentifier>{67DA6AB6-F800-4c08-8B7A-83BB121AAD01}</UniqueIdentifier>
      <Extensions>rc;ico;cur;bmp;dlg;rc2;rct;bin;rgs;gif;jpg;jpeg;jpe;resx;tiff;tif;png;wav;mfcribbon-ms</Extensions>
    </Filter>
    <Filter Include="FollowCamera">
      <UniqueIdentifier>{B83E8A0D-6A37-4A88-8BC7-D45E82E0C234}</UniqueIdentifier>
    </Filter>
    <Filter Include="Collision">
      <UniqueIdentifier>{a8b2c4d5-9e7f-4b8c-9a5e-6f8d9c2e1b3a}</UniqueIdentifier>
    </Filter>
    <Filter Include="Object">
      <UniqueIdentifier>{c9c423bc-ae11-4ec8-9076-12ef0dc66417}</UniqueIdentifier>
    </Filter>
    <Filter Include="Shader">
      <UniqueIdentifier>{d65b8000-b0cc-4fba-a0a9-615e83f5f731}</UniqueIdentifier>
    </Filter>
    <Filter Include="Object\Player">
      <UniqueIdentifier>{96f89a17-9a2b-440d-a2aa-684b74ce08fb}</UniqueIdentifier>
    </Filter>
    <Filter Include="Input">
      <UniqueIdentifier>{450f4fb5-36fd-4024-bcd2-b3db6b3d4f77}</UniqueIdentifier>
    </Filter>
    <Filter Include="Object\Boss">
      <UniqueIdentifier>{2eb72ef7-09cc-4ffc-9df7-2ec9f26636ad}</UniqueIdentifier>
    </Filter>
    <Filter Include="Terrain">
      <UniqueIdentifier>{b4552045-0799-467b-baab-78516fe8d28f}</UniqueIdentifier>
    </Filter>
    <Filter Include="Terrain\Block">
      <UniqueIdentifier>{21d2acd3-3173-49b4-bb5e-2a8100047349}</UniqueIdentifier>
    </Filter>
    <Filter Include="Animation">
      <UniqueIdentifier>{b52400f3-9b91-45c8-9340-d8d964b85845}</UniqueIdentifier>
    </Filter>
    <Filter Include="Features">
      <UniqueIdentifier>{7567c556-1fec-4ab0-bded-9a7674100854}</UniqueIdentifier>
    </Filter>
    <Filter Include="Features\TimeMeasurer">
      <UniqueIdentifier>{4113e5d2-99a3-45cf-8aa7-9168d397aecb}</UniqueIdentifier>
    </Filter>
    <Filter Include="Animation\TitleAnimation">
      <UniqueIdentifier>{4f8ea091-0172-4f36-84f7-c6d844bedd4c}</UniqueIdentifier>
    </Filter>
    <Filter Include="Features\Color">
      <UniqueIdentifier>{7c81723f-2cc9-4a4c-915b-9560e0f809d8}</UniqueIdentifier>
    </Filter>
    <Filter Include="Tutorial">
      <UniqueIdentifier>{0221bdba-fc72-4388-b4f1-6f43d71558fb}</UniqueIdentifier>
    </Filter>
    <Filter Include="Bar3d">
      <UniqueIdentifier>{e943c3c2-6eea-44a9-bd5a-fbaedbab2839}</UniqueIdentifier>
    </Filter>
    <Filter Include="Bar2d">
      <UniqueIdentifier>{011638ec-e56a-4245-8174-3d221d751d95}</UniqueIdentifier>
    </Filter>
    <Filter Include="Object\ColorBall">
      <UniqueIdentifier>{72869a26-1ebd-45a3-9160-d520968a2e15}</UniqueIdentifier>
    </Filter>
    <Filter Include="Object\Dispenser">
      <UniqueIdentifier>{7562ce60-3d46-4187-8624-f01688d92e33}</UniqueIdentifier>
    </Filter>
    <Filter Include="Object\EnergyCore">
      <UniqueIdentifier>{4b991d12-5d66-45d7-8a95-d7296dd738b9}</UniqueIdentifier>
    </Filter>
    <Filter Include="Features\CellBasedFiltering">
      <UniqueIdentifier>{09304ac1-55ab-454b-be8e-bcf83ec4a3fc}</UniqueIdentifier>
    </Filter>
    <Filter Include="Object\Boss\Attack">
      <UniqueIdentifier>{a11596d7-e287-4bec-be41-7ad4945a03fe}</UniqueIdentifier>
    </Filter>
    <Filter Include="Collision\Collider">
      <UniqueIdentifier>{a864d6ec-4d67-4d91-a6ee-218453959675}</UniqueIdentifier>
    </Filter>
    <Filter Include="Collision\Collider\Boss">
      <UniqueIdentifier>{a736bff3-7745-4daa-9848-2ea2c30ecc3f}</UniqueIdentifier>
    </Filter>
    <Filter Include="Collision\Collider\ColorBall">
      <UniqueIdentifier>{05a0cfb8-4631-4cec-8d92-5e83330f8d95}</UniqueIdentifier>
    </Filter>
    <Filter Include="Collision\Collider\Player">
      <UniqueIdentifier>{260abcfd-01c3-4f26-bb11-3ef26b885284}</UniqueIdentifier>
    </Filter>
  </ItemGroup>
  <ItemGroup>
    <ClCompile Include="MyGame\MyGame.cpp">
      <Filter>MyGame</Filter>
    </ClCompile>
    <ClCompile Include="FollowCamera\FollowCamera.cpp">
      <Filter>FollowCamera</Filter>
    </ClCompile>
    <ClCompile Include="scene\GameScene.cpp">
      <Filter>scene</Filter>
    </ClCompile>
    <ClCompile Include="scene\SampleScene.cpp">
      <Filter>scene</Filter>
    </ClCompile>
    <ClCompile Include="scene\SceneFactory.cpp">
      <Filter>scene</Filter>
    </ClCompile>
    <ClCompile Include="scene\TitleScene.cpp">
      <Filter>scene</Filter>
    </ClCompile>
    <ClCompile Include="main.cpp" />
    <ClCompile Include="Object\Player\Player.cpp">
      <Filter>Object\Player</Filter>
    </ClCompile>
    <ClCompile Include="Input\InputHandler.cpp">
      <Filter>Input</Filter>
    </ClCompile>
    <ClCompile Include="Object\Boss\Boss.cpp">
      <Filter>Object\Boss</Filter>
    </ClCompile>
    <ClCompile Include="Terrain\Terrain.cpp">
      <Filter>Terrain</Filter>
    </ClCompile>
    <ClCompile Include="Terrain\Block\Block.cpp">
      <Filter>Terrain\Block</Filter>
    </ClCompile>
    <ClCompile Include="Features\TimeMeasurer\TimeMeasurer.cpp">
      <Filter>Features\TimeMeasurer</Filter>
    </ClCompile>
    <ClCompile Include="Features\Color\Color.cpp">
      <Filter>Features\Color</Filter>
    </ClCompile>
    <ClCompile Include="Bar3d\Bar3d.cpp">
      <Filter>Bar3d</Filter>
    </ClCompile>
    <ClCompile Include="Bar2d\Bar2d.cpp">
      <Filter>Bar2d</Filter>
    </ClCompile>
    <ClCompile Include="scene\TutorialScene.cpp">
      <Filter>scene</Filter>
    </ClCompile>
    <ClCompile Include="Tutorial\TutorialSection.cpp">
      <Filter>Tutorial</Filter>
    </ClCompile>
    <ClCompile Include="Animation\TitleAnimation\TitleAnimation.cpp">
      <Filter>Animation\TitleAnimation</Filter>
    </ClCompile>
    <ClCompile Include="Object\Dispenser\Dispenser.cpp">
      <Filter>Object\Dispenser</Filter>
    </ClCompile>
    <ClCompile Include="Object\ColorBall\ColorBall.cpp">
      <Filter>Object\ColorBall</Filter>
    </ClCompile>
    <ClCompile Include="Object\EnergyCore\EnergyCore.cpp">
      <Filter>Object\EnergyCore</Filter>
    </ClCompile>
    <ClCompile Include="Object\EnergyCore\EnergyCoreManager.cpp">
      <Filter>Object\EnergyCore</Filter>
    </ClCompile>
    <ClCompile Include="Features\CellBasedFiltering\CellBasedFiltering.cpp">
      <Filter>Features\CellBasedFiltering</Filter>
    </ClCompile>
    <ClCompile Include="Object\Boss\BossAttackManager.cpp">
      <Filter>Object\Boss</Filter>
    </ClCompile>
    <ClCompile Include="Object\Boss\Attack\BossAttack.cpp">
      <Filter>Object\Boss\Attack</Filter>
    </ClCompile>
    <ClCompile Include="Object\Boss\Attack\SpikeAttack.cpp">
      <Filter>Object\Boss\Attack</Filter>
    </ClCompile>
    <ClCompile Include="Object\Boss\Attack\FlameAttack.cpp">
      <Filter>Object\Boss\Attack</Filter>
    </ClCompile>
    <ClCompile Include="Tutorial\TutorialEventRecorder.cpp" />
    <ClCompile Include="Tutorial\Tutorial.cpp" />
    <ClCompile Include="Collision\BossAttackCollider.cpp">
      <Filter>Collision\Collider\Boss</Filter>
    </ClCompile>
    <ClCompile Include="Collision\BossBodyCollider.cpp">
      <Filter>Collision\Collider\Boss</Filter>
    </ClCompile>
    <ClCompile Include="Collision\EnergyCoreCollider.cpp">
      <Filter>Collision\Collider\Boss</Filter>
    </ClCompile>
    <ClCompile Include="Collision\Collider\ColorBall\ColorBallCollider.cpp">
      <Filter>Collision\Collider\ColorBall</Filter>
    </ClCompile>
    <ClCompile Include="Collision\Collider\Player\PlayerCollider.cpp">
      <Filter>Collision\Collider\Player</Filter>
    </ClCompile>
    <ClCompile Include="scene\ClearScene.cpp">
      <Filter>scene</Filter>
    </ClCompile>
    <ClCompile Include="scene\OverScene.cpp">
      <Filter>scene</Filter>
    </ClCompile>
    <ClCompile Include="Tutorial\HelpMenu.cpp">
      <Filter>Tutorial</Filter>
    </ClCompile>
  </ItemGroup>
  <ItemGroup>
    <ClInclude Include="Collision\CollisionTypeIdDef.h">
      <Filter>Collision</Filter>
    </ClInclude>
    <ClInclude Include="MyGame\MyGame.h">
      <Filter>MyGame</Filter>
    </ClInclude>
    <ClInclude Include="FollowCamera\FollowCamera.h">
      <Filter>FollowCamera</Filter>
    </ClInclude>
    <ClInclude Include="scene\GameScene.h">
      <Filter>scene</Filter>
    </ClInclude>
    <ClInclude Include="scene\SampleScene.h">
      <Filter>scene</Filter>
    </ClInclude>
    <ClInclude Include="scene\SceneFactory.h">
      <Filter>scene</Filter>
    </ClInclude>
    <ClInclude Include="scene\TitleScene.h">
      <Filter>scene</Filter>
    </ClInclude>
    <ClInclude Include="Object\Player\Player.h">
      <Filter>Object\Player</Filter>
    </ClInclude>
    <ClInclude Include="Input\InputHandler.h">
      <Filter>Input</Filter>
    </ClInclude>
    <ClInclude Include="Object\Boss\Boss.h">
      <Filter>Object\Boss</Filter>
    </ClInclude>
    <ClInclude Include="Terrain\Terrain.h">
      <Filter>Terrain</Filter>
    </ClInclude>
    <ClInclude Include="Terrain\Block\Block.h">
      <Filter>Terrain\Block</Filter>
    </ClInclude>
    <ClInclude Include="Animation\AnimationTimeline.h">
      <Filter>Animation</Filter>
    </ClInclude>
    <ClInclude Include="Animation\AnimationTween.hpp">
      <Filter>Animation</Filter>
    </ClInclude>
    <ClInclude Include="Features\TimeMeasurer\TimeMeasurer.h">
      <Filter>Features\TimeMeasurer</Filter>
    </ClInclude>
    <ClInclude Include="Animation\TitleAnimation\TitleAnimation.h">
      <Filter>Animation\TitleAnimation</Filter>
    </ClInclude>
    <ClInclude Include="Features\Color\Color.h">
      <Filter>Features\Color</Filter>
    </ClInclude>
    <ClInclude Include="Object\EnergyCore\EnergyCore.h">
      <Filter>Object\EnergyCore</Filter>
    </ClInclude>
    <ClInclude Include="Tutorial\TutorialSection.h">
      <Filter>Tutorial</Filter>
    </ClInclude>
    <ClInclude Include="Bar3d\Bar3d.h">
      <Filter>Bar3d</Filter>
    </ClInclude>
    <ClInclude Include="Bar2d\Bar2d.h">
      <Filter>Bar2d</Filter>
    </ClInclude>
    <ClInclude Include="scene\TutorialScene.h">
      <Filter>scene</Filter>
    </ClInclude>
    <ClInclude Include="Object\Dispenser\Dispenser.hpp">
      <Filter>Object\Dispenser</Filter>
    </ClInclude>
    <ClInclude Include="Object\EnergyCore\EnergyCoreManager.h">
      <Filter>Object\EnergyCore</Filter>
    </ClInclude>
    <ClInclude Include="Object\ColorBall\ColorBall.hpp">
      <Filter>Object\ColorBall</Filter>
    </ClInclude>
    <ClInclude Include="Features\CellBasedFiltering\CellBasedFiltering.h">
      <Filter>Features\CellBasedFiltering</Filter>
    </ClInclude>
    <ClInclude Include="Object\Boss\BossAttackManager.h">
      <Filter>Object\Boss</Filter>
    </ClInclude>
    <ClInclude Include="Object\Boss\Attack\BossAttack.h">
      <Filter>Object\Boss\Attack</Filter>
    </ClInclude>
    <ClInclude Include="Object\Boss\Attack\SpikeAttack.h">
      <Filter>Object\Boss\Attack</Filter>
    </ClInclude>
    <ClInclude Include="Object\Boss\Attack\FlameAttack.h">
      <Filter>Object\Boss\Attack</Filter>
    </ClInclude>
    <ClInclude Include="Tutorial\Tutorial.h">
      <Filter>Tutorial</Filter>
    </ClInclude>
    <ClInclude Include="Tutorial\TutorialEventRecorder.h">
      <Filter>Tutorial</Filter>
    </ClInclude>
    <ClInclude Include="Collision\BossAttackCollider.h">
      <Filter>Collision\Collider\Boss</Filter>
    </ClInclude>
    <ClInclude Include="Collision\BossBodyCollider.h">
      <Filter>Collision\Collider\Boss</Filter>
    </ClInclude>
    <ClInclude Include="Collision\EnergyCoreCollider.h">
      <Filter>Collision\Collider\Boss</Filter>
    </ClInclude>
    <ClInclude Include="Collision\Collider\ColorBall\ColorBallCollider.hpp">
      <Filter>Collision\Collider\ColorBall</Filter>
    </ClInclude>
    <ClInclude Include="Collision\Collider\Player\PlayerCollider.hpp">
      <Filter>Collision\Collider\Player</Filter>
    </ClInclude>
    <ClInclude Include="scene\ClearScene.h">
      <Filter>scene</Filter>
    </ClInclude>
    <ClInclude Include="scene\OverScene.h">
      <Filter>scene</Filter>
    </ClInclude>
    <ClInclude Include="Tutorial\HelpMenu.h">
      <Filter>Tutorial</Filter>
    </ClInclude>
  </ItemGroup>
  <ItemGroup>
    <FxCompile Include="resources\shaders\2D.PS.hlsl">
      <Filter>Shader</Filter>
    </FxCompile>
    <FxCompile Include="resources\shaders\2D.VS.hlsl">
      <Filter>Shader</Filter>
    </FxCompile>
    <FxCompile Include="resources\shaders\Bloom.PS.hlsl">
      <Filter>Shader</Filter>
    </FxCompile>
    <FxCompile Include="resources\shaders\BloomCombine.PS.hlsl">
      <Filter>Shader</Filter>
    </FxCompile>
    <FxCompile Include="resources\shaders\BloomFog.PS.hlsl">
      <Filter>Shader</Filter>
    </FxCompile>
    <FxCompile Include="resources\shaders\BWFilter.PS.hlsl">
      <Filter>Shader</Filter>
    </FxCompile>
    <FxCompile Include="resources\shaders\DepthBasedOutline.PS.hlsl">
      <Filter>Shader</Filter>
    </FxCompile>
    <FxCompile Include="resources\shaders\Dissolve.PS.hlsl">
      <Filter>Shader</Filter>
    </FxCompile>
    <FxCompile Include="resources\shaders\EmitParticle.CS.hlsl">
      <Filter>Shader</Filter>
    </FxCompile>
    <FxCompile Include="resources\shaders\Fog.PS.hlsl">
      <Filter>Shader</Filter>
    </FxCompile>
    <FxCompile Include="resources\shaders\FullScreen.VS.hlsl">
      <Filter>Shader</Filter>
    </FxCompile>
    <FxCompile Include="resources\shaders\GaussianBloom.PS.hlsl">
      <Filter>Shader</Filter>
    </FxCompile>
    <FxCompile Include="resources\shaders\GaussianBlur.PS.hlsl">
      <Filter>Shader</Filter>
    </FxCompile>
    <FxCompile Include="resources\shaders\GPUParticle.PS.hlsl">
      <Filter>Shader</Filter>
    </FxCompile>
    <FxCompile Include="resources\shaders\GPUParticle.VS.hlsl">
      <Filter>Shader</Filter>
    </FxCompile>
    <FxCompile Include="resources\shaders\GrayScale.PS.hlsl">
      <Filter>Shader</Filter>
    </FxCompile>
    <FxCompile Include="resources\shaders\HalfTone.PS.hlsl">
      <Filter>Shader</Filter>
    </FxCompile>
    <FxCompile Include="resources\shaders\InitParticle.CS.hlsl">
      <Filter>Shader</Filter>
    </FxCompile>
    <FxCompile Include="resources\shaders\LuminanceBasedOutline.PS.hlsl">
      <Filter>Shader</Filter>
    </FxCompile>
    <FxCompile Include="resources\shaders\NoEffect.PS.hlsl">
      <Filter>Shader</Filter>
    </FxCompile>
    <FxCompile Include="resources\shaders\NoTex.PS.hlsl">
      <Filter>Shader</Filter>
    </FxCompile>
    <FxCompile Include="resources\shaders\NoTex.VS.hlsl">
      <Filter>Shader</Filter>
    </FxCompile>
    <FxCompile Include="resources\shaders\Object3d.PS.hlsl">
      <Filter>Shader</Filter>
    </FxCompile>
    <FxCompile Include="resources\shaders\Object3D.VS.hlsl">
      <Filter>Shader</Filter>
    </FxCompile>
    <FxCompile Include="resources\shaders\Particle.PS.hlsl">
      <Filter>Shader</Filter>
    </FxCompile>
    <FxCompile Include="resources\shaders\Particle.VS.hlsl">
      <Filter>Shader</Filter>
    </FxCompile>
    <FxCompile Include="resources\shaders\RadialBlur.PS.hlsl">
      <Filter>Shader</Filter>
    </FxCompile>
    <FxCompile Include="resources\shaders\RGBSplit.PS.hlsl">
      <Filter>Shader</Filter>
    </FxCompile>
    <FxCompile Include="resources\shaders\ShadowMap.VS.hlsl">
      <Filter>Shader</Filter>
    </FxCompile>
    <FxCompile Include="resources\shaders\Skinning.CS.hlsl">
      <Filter>Shader</Filter>
    </FxCompile>
    <FxCompile Include="resources\shaders\SkinningObject3d.VS.hlsl">
      <Filter>Shader</Filter>
    </FxCompile>
    <FxCompile Include="resources\shaders\SkyBox.PS.hlsl">
      <Filter>Shader</Filter>
    </FxCompile>
    <FxCompile Include="resources\shaders\SkyBox.VS.hlsl">
      <Filter>Shader</Filter>
    </FxCompile>
    <FxCompile Include="resources\shaders\Sprite.PS.hlsl">
      <Filter>Shader</Filter>
    </FxCompile>
    <FxCompile Include="resources\shaders\Sprite.VS.hlsl">
      <Filter>Shader</Filter>
    </FxCompile>
    <FxCompile Include="resources\shaders\ThresholdExtract.PS.hlsl">
      <Filter>Shader</Filter>
    </FxCompile>
    <FxCompile Include="resources\shaders\UpdateParticle.CS.hlsl">
      <Filter>Shader</Filter>
    </FxCompile>
    <FxCompile Include="resources\shaders\Vignette.PS.hlsl">
      <Filter>Shader</Filter>
    </FxCompile>
    <FxCompile Include="resources\shaders\VignetteRedBloom.PS.hlsl">
      <Filter>Shader</Filter>
    </FxCompile>
    <FxCompile Include="resources\shaders\WhiteNoise.PS.hlsl">
      <Filter>Shader</Filter>
    </FxCompile>
  </ItemGroup>
  <ItemGroup>
    <None Include="resources\shaders\FullScreen.hlsli">
      <Filter>Shader</Filter>
    </None>
    <None Include="resources\shaders\NoTex.hlsli">
      <Filter>Shader</Filter>
    </None>
    <None Include="resources\shaders\Object3d.hlsli">
      <Filter>Shader</Filter>
    </None>
    <None Include="resources\shaders\Particle.hlsli">
      <Filter>Shader</Filter>
    </None>
    <None Include="resources\shaders\Random.hlsli">
      <Filter>Shader</Filter>
    </None>
    <None Include="resources\shaders\SkyBox.hlsli">
      <Filter>Shader</Filter>
    </None>
    <None Include="resources\shaders\Sprite.hlsli">
      <Filter>Shader</Filter>
    </None>
  </ItemGroup>
</Project>